
Microsoft Visual Studio Solution File, Format Version 12.00
# Visual Studio Version 17
VisualStudioVersion = 17.3.32929.385
MinimumVisualStudioVersion = 10.0.40219.1
Project("{FAE04EC0-301F-11D3-BF4B-00C04F79EFBC}") = "HorseProject", "HorseProject\HorseProject.csproj", "{C8CA1FEA-082C-4033-AB20-849B508CF4B4}"
EndProject
Project("{2150E333-8FDC-42A3-9474-1A3956D46DE8}") = "Solution Items", "Solution Items", "{27ECCE6B-EE98-4753-8298-C5CBEEC7DDCD}"
	ProjectSection(SolutionItems) = preProject
		Player.cs = Player.cs
	EndProjectSection
EndProject
Global
	GlobalSection(SolutionConfigurationPlatforms) = preSolution
		Debug|Any CPU = Debug|Any CPU
		Release|Any CPU = Release|Any CPU
	EndGlobalSection
	GlobalSection(ProjectConfigurationPlatforms) = postSolution
		{C8CA1FEA-082C-4033-AB20-849B508CF4B4}.Debug|Any CPU.ActiveCfg = Debug|Any CPU
		{C8CA1FEA-082C-4033-AB20-849B508CF4B4}.Debug|Any CPU.Build.0 = Debug|Any CPU
		{C8CA1FEA-082C-4033-AB20-849B508CF4B4}.Release|Any CPU.ActiveCfg = Release|Any CPU
		{C8CA1FEA-082C-4033-AB20-849B508CF4B4}.Release|Any CPU.Build.0 = Release|Any CPU
	EndGlobalSection
	GlobalSection(SolutionProperties) = preSolution
		HideSolutionNode = FALSE
	EndGlobalSection
	GlobalSection(ExtensibilityGlobals) = postSolution
		SolutionGuid = {AB73911D-6172-468C-8010-02CD0C8B3242}
	EndGlobalSection
EndGlobal
